# This file is autogenerated, do not edit; changes may be undone by the next 'dep ensure'.


[[projects]]
  branch = "master"
  digest = "1:540197e862f6636ae91ab877d55ac9c44d3b147c407a5db134d3cbb5f8178c1e"
  name = "github.com/bitrise-io/go-utils"
  packages = [
    "colorstring",
    "command",
    "errorutil",
    "log",
    "parseutil",
    "pathutil",
    "pointers",
  ]
  pruneopts = "UT"
  revision = "2a09aab8380d7842750328aebd5671bcccea89c8"

[[projects]]
  branch = "master"
  digest = "1:e875a94349b121ca6fa86bd72f7593f7f0e6f0d07a7d664f31fc000d80eaeec3"
  name = "github.com/bitrise-tools/go-steputils"
  packages = [
    "stepconf",
    "tools",
  ]
  pruneopts = "UT"
  revision = "ec226b2359fcd806be64f0ad2217d8e741a1ff11"

[[projects]]
  digest = "1:cbc8e0083933f997f41b66c9d9033e1a81233804e243d3c1e414899350c9082d"
  name = "github.com/patrickkempff/blackfriday-slack"
  packages = ["."]
  pruneopts = "UT"
  revision = "956ec80494f8d17190f2e9692625992727c91f75"
  version = "v0.1.2"

[[projects]]
  digest = "1:9421f6e9e28ef86933e824b5caff441366f2b69bb281085b9dca40e1f27a1602"
  name = "github.com/shurcooL/sanitized_anchor_name"
  packages = ["."]
  pruneopts = "UT"
  revision = "7bfe4c7ecddb3666a94b053b422cdd8f5aaa3615"
  version = "v1.0.0"

[[projects]]
  digest = "1:2ee0f15eb0fb04f918db7c2dcf39745f40d69f798ef171610a730e8a56aaa4fd"
  name = "gopkg.in/russross/blackfriday.v2"
  packages = ["."]
  pruneopts = "UT"
  revision = "d3b5b032dc8e8927d31a5071b56e14c89f045135"
  version = "v2.0.1"

[solve-meta]
  analyzer-name = "dep"
  analyzer-version = 1
  input-imports = [
    "github.com/bitrise-io/go-utils/log",
    "github.com/bitrise-tools/go-steputils/stepconf",
    "github.com/bitrise-tools/go-steputils/tools",
    "github.com/patrickkempff/blackfriday-slack",
    "gopkg.in/russross/blackfriday.v2",
  ]
  solver-name = "gps-cdcl"
  solver-version = 1
